
Microsoft Visual Studio Solution File, Format Version 12.00
# Visual Studio Version 17
VisualStudioVersion = 17.2.32616.157
MinimumVisualStudioVersion = 10.0.40219.1
Project("{9A19103F-16F7-4668-BE54-9A1E7A4F7556}") = "BankStorage.Api", "BankStorage.Api\BankStorage.Api.csproj", "{CE68A647-E316-4403-9322-3F0449711774}"
EndProject
Project("{9A19103F-16F7-4668-BE54-9A1E7A4F7556}") = "BankStorage.Domain", "BankStorage.Domain\BankStorage.Domain.csproj", "{BD4BA0C6-1025-4E22-8AD9-20CFA579451A}"
EndProject
Project("{9A19103F-16F7-4668-BE54-9A1E7A4F7556}") = "BankStorage.Infrastructure", "BankStorage.Infrastructure\BankStorage.Infrastructure.csproj", "{46473258-4DC6-47AE-8468-C386988857D0}"
EndProject
Global
	GlobalSection(SolutionConfigurationPlatforms) = preSolution
		Debug|Any CPU = Debug|Any CPU
		Release|Any CPU = Release|Any CPU
	EndGlobalSection
	GlobalSection(ProjectConfigurationPlatforms) = postSolution
		{CE68A647-E316-4403-9322-3F0449711774}.Debug|Any CPU.ActiveCfg = Debug|Any CPU
		{CE68A647-E316-4403-9322-3F0449711774}.Debug|Any CPU.Build.0 = Debug|Any CPU
		{CE68A647-E316-4403-9322-3F0449711774}.Release|Any CPU.ActiveCfg = Release|Any CPU
		{CE68A647-E316-4403-9322-3F0449711774}.Release|Any CPU.Build.0 = Release|Any CPU
		{BD4BA0C6-1025-4E22-8AD9-20CFA579451A}.Debug|Any CPU.ActiveCfg = Debug|Any CPU
		{BD4BA0C6-1025-4E22-8AD9-20CFA579451A}.Debug|Any CPU.Build.0 = Debug|Any CPU
		{BD4BA0C6-1025-4E22-8AD9-20CFA579451A}.Release|Any CPU.ActiveCfg = Release|Any CPU
		{BD4BA0C6-1025-4E22-8AD9-20CFA579451A}.Release|Any CPU.Build.0 = Release|Any CPU
		{46473258-4DC6-47AE-8468-C386988857D0}.Debug|Any CPU.ActiveCfg = Debug|Any CPU
		{46473258-4DC6-47AE-8468-C386988857D0}.Debug|Any CPU.Build.0 = Debug|Any CPU
		{46473258-4DC6-47AE-8468-C386988857D0}.Release|Any CPU.ActiveCfg = Release|Any CPU
		{46473258-4DC6-47AE-8468-C386988857D0}.Release|Any CPU.Build.0 = Release|Any CPU
	EndGlobalSection
	GlobalSection(SolutionProperties) = preSolution
		HideSolutionNode = FALSE
	EndGlobalSection
	GlobalSection(ExtensibilityGlobals) = postSolution
		SolutionGuid = {30FD1D00-E478-4B56-8FA6-6BB5C0F94FE7}
	EndGlobalSection
EndGlobal
